{
  "name": "@goodhood/chargebee",
  "version": "1.3.0",
  "lockfileVersion": 2,
  "requires": true,
  "packages": {
    "": {
      "name": "@goodhood/chargebee",
      "version": "1.3.0",
      "license": "SEE LICENSE IN LICENSE FILE",
      "devDependencies": {
        "react-load-script": "0.0.6"
      },
      "peerDependencies": {
        "@babel/runtime": "^7.12.5",
        "prop-types": "^15.7.2",
        "react": "^16.14.0 || ^17.0.1",
        "react-load-script": "^0.0.6"
      }
    },
    "node_modules/react-load-script": {
      "version": "0.0.6",
      "resolved": "https://registry.npmjs.org/react-load-script/-/react-load-script-0.0.6.tgz",
      "integrity": "sha512-aRGxDGP9VoLxcsaYvKWIW+LRrMOzz2eEcubTS4NvQPPugjk2VvMhow0wWTkSl7RxookomD1MwcP4l5UStg5ShQ==",
      "dev": true,
      "peerDependencies": {
        "prop-types": ">=15",
        "react": ">=0.14.9"
      }
    }
  },
  "dependencies": {
    "react-load-script": {
      "version": "0.0.6",
      "resolved": "https://registry.npmjs.org/react-load-script/-/react-load-script-0.0.6.tgz",
      "integrity": "sha512-aRGxDGP9VoLxcsaYvKWIW+LRrMOzz2eEcubTS4NvQPPugjk2VvMhow0wWTkSl7RxookomD1MwcP4l5UStg5ShQ==",
      "dev": true
    }
  }
}
